
Microsoft Visual Studio Solution File, Format Version 12.00
Project("{FAE04EC0-301F-11D3-BF4B-00C04F79EFBC}") = "Markdown", "Markdown\Markdown.csproj", "{06C70AF0-77EE-471A-949C-239796917728}"
EndProject
Project("{FAE04EC0-301F-11D3-BF4B-00C04F79EFBC}") = "MarkdownTests", "MarkdownTests\MarkdownTests.csproj", "{7C1B03CA-5C96-4CF2-87EB-32CDA96FC12B}"
EndProject
Global
	GlobalSection(SolutionConfigurationPlatforms) = preSolution
		Debug|Any CPU = Debug|Any CPU
		Release|Any CPU = Release|Any CPU
	EndGlobalSection
	GlobalSection(ProjectConfigurationPlatforms) = postSolution
		{06C70AF0-77EE-471A-949C-239796917728}.Debug|Any CPU.ActiveCfg = Debug|Any CPU
		{06C70AF0-77EE-471A-949C-239796917728}.Debug|Any CPU.Build.0 = Debug|Any CPU
		{06C70AF0-77EE-471A-949C-239796917728}.Release|Any CPU.ActiveCfg = Release|Any CPU
		{06C70AF0-77EE-471A-949C-239796917728}.Release|Any CPU.Build.0 = Release|Any CPU
		{7C1B03CA-5C96-4CF2-87EB-32CDA96FC12B}.Debug|Any CPU.ActiveCfg = Debug|Any CPU
		{7C1B03CA-5C96-4CF2-87EB-32CDA96FC12B}.Debug|Any CPU.Build.0 = Debug|Any CPU
		{7C1B03CA-5C96-4CF2-87EB-32CDA96FC12B}.Release|Any CPU.ActiveCfg = Release|Any CPU
		{7C1B03CA-5C96-4CF2-87EB-32CDA96FC12B}.Release|Any CPU.Build.0 = Release|Any CPU
	EndGlobalSection
EndGlobal
